
Microsoft Visual Studio Solution File, Format Version 12.00
# Visual Studio Version 17
VisualStudioVersion = 17.13.35931.197 d17.13
MinimumVisualStudioVersion = 10.0.40219.1
Project("{FAE04EC0-301F-11D3-BF4B-00C04F79EFBC}") = "5osaKollektsioonid", "5osaKollektsioonid.csproj", "{D403B18C-0E5F-45E0-8DD4-95066538A340}"
EndProject
Global
	GlobalSection(SolutionConfigurationPlatforms) = preSolution
		Debug|Any CPU = Debug|Any CPU
		Release|Any CPU = Release|Any CPU
	EndGlobalSection
	GlobalSection(ProjectConfigurationPlatforms) = postSolution
		{D403B18C-0E5F-45E0-8DD4-95066538A340}.Debug|Any CPU.ActiveCfg = Debug|Any CPU
		{D403B18C-0E5F-45E0-8DD4-95066538A340}.Debug|Any CPU.Build.0 = Debug|Any CPU
		{D403B18C-0E5F-45E0-8DD4-95066538A340}.Release|Any CPU.ActiveCfg = Release|Any CPU
		{D403B18C-0E5F-45E0-8DD4-95066538A340}.Release|Any CPU.Build.0 = Release|Any CPU
	EndGlobalSection
	GlobalSection(SolutionProperties) = preSolution
		HideSolutionNode = FALSE
	EndGlobalSection
	GlobalSection(ExtensibilityGlobals) = postSolution
		SolutionGuid = {D71E0BFC-AD5C-4533-B762-6167F80136E8}
	EndGlobalSection
EndGlobal
